
Microsoft Visual Studio Solution File, Format Version 12.00
# Visual Studio Version 16
VisualStudioVersion = 16.0.29215.179
MinimumVisualStudioVersion = 10.0.40219.1
Project("{9A19103F-16F7-4668-BE54-9A1E7A4F7556}") = "VitecMVPrivat", "VitecMVPrivat\VitecMVPrivat.csproj", "{8B1CDA86-7129-4ECB-82A9-C21EAFBFB73A}"
EndProject
Project("{2150E333-8FDC-42A3-9474-1A3956D46DE8}") = "Documents", "Documents", "{ABFB2129-F8CE-41E7-90A9-D6DC5CB01DEB}"
	ProjectSection(SolutionItems) = preProject
		Teknologi.txt = Teknologi.txt
	EndProjectSection
EndProject
Global
	GlobalSection(SolutionConfigurationPlatforms) = preSolution
		Debug|Any CPU = Debug|Any CPU
		Release|Any CPU = Release|Any CPU
	EndGlobalSection
	GlobalSection(ProjectConfigurationPlatforms) = postSolution
		{8B1CDA86-7129-4ECB-82A9-C21EAFBFB73A}.Debug|Any CPU.ActiveCfg = Debug|Any CPU
		{8B1CDA86-7129-4ECB-82A9-C21EAFBFB73A}.Debug|Any CPU.Build.0 = Debug|Any CPU
		{8B1CDA86-7129-4ECB-82A9-C21EAFBFB73A}.Release|Any CPU.ActiveCfg = Release|Any CPU
		{8B1CDA86-7129-4ECB-82A9-C21EAFBFB73A}.Release|Any CPU.Build.0 = Release|Any CPU
	EndGlobalSection
	GlobalSection(SolutionProperties) = preSolution
		HideSolutionNode = FALSE
	EndGlobalSection
	GlobalSection(ExtensibilityGlobals) = postSolution
		SolutionGuid = {D08733E1-5116-4AF9-B3C3-EC8F94953AA7}
	EndGlobalSection
EndGlobal
