
Microsoft Visual Studio Solution File, Format Version 12.00
# Visual Studio Version 16
VisualStudioVersion = 16.0.29215.179
MinimumVisualStudioVersion = 10.0.40219.1
Project("{FAE04EC0-301F-11D3-BF4B-00C04F79EFBC}") = "VitecMVPrivat", "VitecMVPrivat\VitecMVPrivat.csproj", "{8B1CDA86-7129-4ECB-82A9-C21EAFBFB73A}"
EndProject
Global
	GlobalSection(SolutionConfigurationPlatforms) = preSolution
		Debug|Any CPU = Debug|Any CPU
		Release|Any CPU = Release|Any CPU
	EndGlobalSection
	GlobalSection(ProjectConfigurationPlatforms) = postSolution
		{8B1CDA86-7129-4ECB-82A9-C21EAFBFB73A}.Debug|Any CPU.ActiveCfg = Debug|Any CPU
		{8B1CDA86-7129-4ECB-82A9-C21EAFBFB73A}.Debug|Any CPU.Build.0 = Debug|Any CPU
		{8B1CDA86-7129-4ECB-82A9-C21EAFBFB73A}.Release|Any CPU.ActiveCfg = Release|Any CPU
		{8B1CDA86-7129-4ECB-82A9-C21EAFBFB73A}.Release|Any CPU.Build.0 = Release|Any CPU
	EndGlobalSection
	GlobalSection(SolutionProperties) = preSolution
		HideSolutionNode = FALSE
	EndGlobalSection
	GlobalSection(ExtensibilityGlobals) = postSolution
		SolutionGuid = {D08733E1-5116-4AF9-B3C3-EC8F94953AA7}
	EndGlobalSection
EndGlobal
